// !$*UTF8*$!
{
	archiveVersion = 1;
	classes = {
	};
	objectVersion = 56;
	objects = {

/* Begin PBXBuildFile section */
		826196FD29A402DF00657A8F /* main.cpp in Sources */ = {isa = PBXBuildFile; fileRef = 826196FC29A402DF00657A8F /* main.cpp */; };
		8261970529A4032D00657A8F /* Realization.cpp in Sources */ = {isa = PBXBuildFile; fileRef = 8261970329A4032D00657A8F /* Realization.cpp */; };
/* End PBXBuildFile section */

/* Begin PBXCopyFilesBuildPhase section */
		826196F729A402DF00657A8F /* CopyFiles */ = {
			isa = PBXCopyFilesBuildPhase;
			buildActionMask = 2147483647;
			dstPath = /usr/share/man/man1/;
			dstSubfolderSpec = 0;
			files = (
			);
			runOnlyForDeploymentPostprocessing = 1;
		};
/* End PBXCopyFilesBuildPhase section */

/* Begin PBXFileReference section */
		821DD23429D334A8003533E1 /* sorted5000.txt */ = {isa = PBXFileReference; lastKnownFileType = text; path = sorted5000.txt; sourceTree = "<group>"; };
		821DD23529D334A8003533E1 /* sorted500.txt */ = {isa = PBXFileReference; lastKnownFileType = text; path = sorted500.txt; sourceTree = "<group>"; };
		821DD23629D334A8003533E1 /* sorted100.txt */ = {isa = PBXFileReference; lastKnownFileType = text; path = sorted100.txt; sourceTree = "<group>"; };
		821DD23D29D33697003533E1 /* partSorted5000.txt */ = {isa = PBXFileReference; lastKnownFileType = text; path = partSorted5000.txt; sourceTree = "<group>"; };
		821DD23E29D33697003533E1 /* partSorted500.txt */ = {isa = PBXFileReference; lastKnownFileType = text; path = partSorted500.txt; sourceTree = "<group>"; };
		821DD24029D336F8003533E1 /* partSorted100.txt */ = {isa = PBXFileReference; lastKnownFileType = text; path = partSorted100.txt; sourceTree = "<group>"; };
		821DD24129D33713003533E1 /* backSorted500.txt */ = {isa = PBXFileReference; lastKnownFileType = text; path = backSorted500.txt; sourceTree = "<group>"; };
		821DD24229D33713003533E1 /* backSorted5000.txt */ = {isa = PBXFileReference; lastKnownFileType = text; path = backSorted5000.txt; sourceTree = "<group>"; };
		821DD24329D33713003533E1 /* backSorted100.txt */ = {isa = PBXFileReference; lastKnownFileType = text; path = backSorted100.txt; sourceTree = "<group>"; };
		826196F929A402DF00657A8F /* lab */ = {isa = PBXFileReference; explicitFileType = "compiled.mach-o.executable"; includeInIndex = 0; path = lab; sourceTree = BUILT_PRODUCTS_DIR; };
		826196FC29A402DF00657A8F /* main.cpp */ = {isa = PBXFileReference; lastKnownFileType = sourcecode.cpp.cpp; path = main.cpp; sourceTree = "<group>"; };
		8261970329A4032D00657A8F /* Realization.cpp */ = {isa = PBXFileReference; lastKnownFileType = sourcecode.cpp.cpp; path = Realization.cpp; sourceTree = "<group>"; };
		8261970429A4032D00657A8F /* Header.hpp */ = {isa = PBXFileReference; lastKnownFileType = sourcecode.cpp.h; path = Header.hpp; sourceTree = "<group>"; };
/* End PBXFileReference section */

/* Begin PBXFrameworksBuildPhase section */
		826196F629A402DF00657A8F /* Frameworks */ = {
			isa = PBXFrameworksBuildPhase;
			buildActionMask = 2147483647;
			files = (
			);
			runOnlyForDeploymentPostprocessing = 0;
		};
/* End PBXFrameworksBuildPhase section */

/* Begin PBXGroup section */
		821DD23729D334DC003533E1 /* SortedNumbers */ = {
			isa = PBXGroup;
			children = (
				821DD23629D334A8003533E1 /* sorted100.txt */,
				821DD23529D334A8003533E1 /* sorted500.txt */,
				821DD23429D334A8003533E1 /* sorted5000.txt */,
			);
			path = SortedNumbers;
			sourceTree = "<group>";
		};
		821DD23B29D335C1003533E1 /* BackSortedNumbers */ = {
			isa = PBXGroup;
			children = (
				821DD24329D33713003533E1 /* backSorted100.txt */,
				821DD24129D33713003533E1 /* backSorted500.txt */,
				821DD24229D33713003533E1 /* backSorted5000.txt */,
			);
			path = BackSortedNumbers;
			sourceTree = "<group>";
		};
		821DD23F29D3369F003533E1 /* PartSortedNumbers */ = {
			isa = PBXGroup;
			children = (
				821DD24029D336F8003533E1 /* partSorted100.txt */,
				821DD23E29D33697003533E1 /* partSorted500.txt */,
				821DD23D29D33697003533E1 /* partSorted5000.txt */,
			);
			path = PartSortedNumbers;
			sourceTree = "<group>";
		};
		826196F029A402DF00657A8F = {
			isa = PBXGroup;
			children = (
				826196FB29A402DF00657A8F /* lab */,
				826196FA29A402DF00657A8F /* Products */,
			);
			sourceTree = "<group>";
		};
		826196FA29A402DF00657A8F /* Products */ = {
			isa = PBXGroup;
			children = (
				826196F929A402DF00657A8F /* lab */,
			);
			name = Products;
			sourceTree = "<group>";
		};
		826196FB29A402DF00657A8F /* lab */ = {
			isa = PBXGroup;
			children = (
				826196FC29A402DF00657A8F /* main.cpp */,
				8261970329A4032D00657A8F /* Realization.cpp */,
				8261970429A4032D00657A8F /* Header.hpp */,
				821DD23F29D3369F003533E1 /* PartSortedNumbers */,
				821DD23B29D335C1003533E1 /* BackSortedNumbers */,
				821DD23729D334DC003533E1 /* SortedNumbers */,
			);
			path = lab;
			sourceTree = "<group>";
		};
/* End PBXGroup section */

/* Begin PBXNativeTarget section */
		826196F829A402DF00657A8F /* lab */ = {
			isa = PBXNativeTarget;
			buildConfigurationList = 8261970029A402DF00657A8F /* Build configuration list for PBXNativeTarget "lab" */;
			buildPhases = (
				826196F529A402DF00657A8F /* Sources */,
				826196F629A402DF00657A8F /* Frameworks */,
				826196F729A402DF00657A8F /* CopyFiles */,
			);
			buildRules = (
			);
			dependencies = (
			);
			name = lab;
			productName = lab;
			productReference = 826196F929A402DF00657A8F /* lab */;
			productType = "com.apple.product-type.tool";
		};
/* End PBXNativeTarget section */

/* Begin PBXProject section */
		826196F129A402DF00657A8F /* Project object */ = {
			isa = PBXProject;
			attributes = {
				BuildIndependentTargetsInParallel = 1;
				LastUpgradeCheck = 1420;
				TargetAttributes = {
					826196F829A402DF00657A8F = {
						CreatedOnToolsVersion = 14.2;
					};
				};
			};
			buildConfigurationList = 826196F429A402DF00657A8F /* Build configuration list for PBXProject "lab" */;
			compatibilityVersion = "Xcode 14.0";
			developmentRegion = en;
			hasScannedForEncodings = 0;
			knownRegions = (
				en,
				Base,
			);
			mainGroup = 826196F029A402DF00657A8F;
			productRefGroup = 826196FA29A402DF00657A8F /* Products */;
			projectDirPath = "";
			projectRoot = "";
			targets = (
				826196F829A402DF00657A8F /* lab */,
			);
		};
/* End PBXProject section */

/* Begin PBXSourcesBuildPhase section */
		826196F529A402DF00657A8F /* Sources */ = {
			isa = PBXSourcesBuildPhase;
			buildActionMask = 2147483647;
			files = (
				8261970529A4032D00657A8F /* Realization.cpp in Sources */,
				826196FD29A402DF00657A8F /* main.cpp in Sources */,
			);
			runOnlyForDeploymentPostprocessing = 0;
		};
/* End PBXSourcesBuildPhase section */

/* Begin XCBuildConfiguration section */
		826196FE29A402DF00657A8F /* Debug */ = {
			isa = XCBuildConfiguration;
			buildSettings = {
				ALWAYS_SEARCH_USER_PATHS = NO;
				CLANG_ANALYZER_NONNULL = YES;
				CLANG_ANALYZER_NUMBER_OBJECT_CONVERSION = YES_AGGRESSIVE;
				CLANG_CXX_LANGUAGE_STANDARD = "gnu++20";
				CLANG_ENABLE_MODULES = YES;
				CLANG_ENABLE_OBJC_ARC = YES;
				CLANG_ENABLE_OBJC_WEAK = YES;
				CLANG_WARN_BLOCK_CAPTURE_AUTORELEASING = YES;
				CLANG_WARN_BOOL_CONVERSION = YES;
				CLANG_WARN_COMMA = YES;
				CLANG_WARN_CONSTANT_CONVERSION = YES;
				CLANG_WARN_DEPRECATED_OBJC_IMPLEMENTATIONS = YES;
				CLANG_WARN_DIRECT_OBJC_ISA_USAGE = YES_ERROR;
				CLANG_WARN_DOCUMENTATION_COMMENTS = YES;
				CLANG_WARN_EMPTY_BODY = YES;
				CLANG_WARN_ENUM_CONVERSION = YES;
				CLANG_WARN_INFINITE_RECURSION = YES;
				CLANG_WARN_INT_CONVERSION = YES;
				CLANG_WARN_NON_LITERAL_NULL_CONVERSION = YES;
				CLANG_WARN_OBJC_IMPLICIT_RETAIN_SELF = YES;
				CLANG_WARN_OBJC_LITERAL_CONVERSION = YES;
				CLANG_WARN_OBJC_ROOT_CLASS = YES_ERROR;
				CLANG_WARN_QUOTED_INCLUDE_IN_FRAMEWORK_HEADER = YES;
				CLANG_WARN_RANGE_LOOP_ANALYSIS = YES;
				CLANG_WARN_STRICT_PROTOTYPES = YES;
				CLANG_WARN_SUSPICIOUS_MOVE = YES;
				CLANG_WARN_UNGUARDED_AVAILABILITY = YES_AGGRESSIVE;
				CLANG_WARN_UNREACHABLE_CODE = YES;
				CLANG_WARN__DUPLICATE_METHOD_MATCH = YES;
				COPY_PHASE_STRIP = NO;
				DEBUG_INFORMATION_FORMAT = dwarf;
				ENABLE_STRICT_OBJC_MSGSEND = YES;
				ENABLE_TESTABILITY = YES;
				GCC_C_LANGUAGE_STANDARD = gnu11;
				GCC_DYNAMIC_NO_PIC = NO;
				GCC_NO_COMMON_BLOCKS = YES;
				GCC_OPTIMIZATION_LEVEL = 0;
				GCC_PREPROCESSOR_DEFINITIONS = (
					"DEBUG=1",
					"$(inherited)",
				);
				GCC_WARN_64_TO_32_BIT_CONVERSION = YES;
				GCC_WARN_ABOUT_RETURN_TYPE = YES_ERROR;
				GCC_WARN_UNDECLARED_SELECTOR = YES;
				GCC_WARN_UNINITIALIZED_AUTOS = YES_AGGRESSIVE;
				GCC_WARN_UNUSED_FUNCTION = YES;
				GCC_WARN_UNUSED_VARIABLE = YES;
				MACOSX_DEPLOYMENT_TARGET = 13.1;
				MTL_ENABLE_DEBUG_INFO = INCLUDE_SOURCE;
				MTL_FAST_MATH = YES;
				ONLY_ACTIVE_ARCH = YES;
				SDKROOT = macosx;
			};
			name = Debug;
		};
		826196FF29A402DF00657A8F /* Release */ = {
			isa = XCBuildConfiguration;
			buildSettings = {
				ALWAYS_SEARCH_USER_PATHS = NO;
				CLANG_ANALYZER_NONNULL = YES;
				CLANG_ANALYZER_NUMBER_OBJECT_CONVERSION = YES_AGGRESSIVE;
				CLANG_CXX_LANGUAGE_STANDARD = "gnu++20";
				CLANG_ENABLE_MODULES = YES;
				CLANG_ENABLE_OBJC_ARC = YES;
				CLANG_ENABLE_OBJC_WEAK = YES;
				CLANG_WARN_BLOCK_CAPTURE_AUTORELEASING = YES;
				CLANG_WARN_BOOL_CONVERSION = YES;
				CLANG_WARN_COMMA = YES;
				CLANG_WARN_CONSTANT_CONVERSION = YES;
				CLANG_WARN_DEPRECATED_OBJC_IMPLEMENTATIONS = YES;
				CLANG_WARN_DIRECT_OBJC_ISA_USAGE = YES_ERROR;
				CLANG_WARN_DOCUMENTATION_COMMENTS = YES;
				CLANG_WARN_EMPTY_BODY = YES;
				CLANG_WARN_ENUM_CONVERSION = YES;
				CLANG_WARN_INFINITE_RECURSION = YES;
				CLANG_WARN_INT_CONVERSION = YES;
				CLANG_WARN_NON_LITERAL_NULL_CONVERSION = YES;
				CLANG_WARN_OBJC_IMPLICIT_RETAIN_SELF = YES;
				CLANG_WARN_OBJC_LITERAL_CONVERSION = YES;
				CLANG_WARN_OBJC_ROOT_CLASS = YES_ERROR;
				CLANG_WARN_QUOTED_INCLUDE_IN_FRAMEWORK_HEADER = YES;
				CLANG_WARN_RANGE_LOOP_ANALYSIS = YES;
				CLANG_WARN_STRICT_PROTOTYPES = YES;
				CLANG_WARN_SUSPICIOUS_MOVE = YES;
				CLANG_WARN_UNGUARDED_AVAILABILITY = YES_AGGRESSIVE;
				CLANG_WARN_UNREACHABLE_CODE = YES;
				CLANG_WARN__DUPLICATE_METHOD_MATCH = YES;
				COPY_PHASE_STRIP = NO;
				DEBUG_INFORMATION_FORMAT = "dwarf-with-dsym";
				ENABLE_NS_ASSERTIONS = NO;
				ENABLE_STRICT_OBJC_MSGSEND = YES;
				GCC_C_LANGUAGE_STANDARD = gnu11;
				GCC_NO_COMMON_BLOCKS = YES;
				GCC_WARN_64_TO_32_BIT_CONVERSION = YES;
				GCC_WARN_ABOUT_RETURN_TYPE = YES_ERROR;
				GCC_WARN_UNDECLARED_SELECTOR = YES;
				GCC_WARN_UNINITIALIZED_AUTOS = YES_AGGRESSIVE;
				GCC_WARN_UNUSED_FUNCTION = YES;
				GCC_WARN_UNUSED_VARIABLE = YES;
				MACOSX_DEPLOYMENT_TARGET = 13.1;
				MTL_ENABLE_DEBUG_INFO = NO;
				MTL_FAST_MATH = YES;
				SDKROOT = macosx;
			};
			name = Release;
		};
		8261970129A402DF00657A8F /* Debug */ = {
			isa = XCBuildConfiguration;
			buildSettings = {
				CODE_SIGN_STYLE = Automatic;
				PRODUCT_NAME = "$(TARGET_NAME)";
			};
			name = Debug;
		};
		8261970229A402DF00657A8F /* Release */ = {
			isa = XCBuildConfiguration;
			buildSettings = {
				CODE_SIGN_STYLE = Automatic;
				PRODUCT_NAME = "$(TARGET_NAME)";
			};
			name = Release;
		};
/* End XCBuildConfiguration section */

/* Begin XCConfigurationList section */
		826196F429A402DF00657A8F /* Build configuration list for PBXProject "lab" */ = {
			isa = XCConfigurationList;
			buildConfigurations = (
				826196FE29A402DF00657A8F /* Debug */,
				826196FF29A402DF00657A8F /* Release */,
			);
			defaultConfigurationIsVisible = 0;
			defaultConfigurationName = Release;
		};
		8261970029A402DF00657A8F /* Build configuration list for PBXNativeTarget "lab" */ = {
			isa = XCConfigurationList;
			buildConfigurations = (
				8261970129A402DF00657A8F /* Debug */,
				8261970229A402DF00657A8F /* Release */,
			);
			defaultConfigurationIsVisible = 0;
			defaultConfigurationName = Release;
		};
/* End XCConfigurationList section */
	};
	rootObject = 826196F129A402DF00657A8F /* Project object */;
}
